{
    "_readme": [
        "This file locks the dependencies of your project to a known state",
        "Read more about it at https://getcomposer.org/doc/01-basic-usage.md#composer-lock-the-lock-file",
        "This file is @generated automatically"
    ],
    "hash": "866dcf470afeaa25fe8962b3329422a7",
    "content-hash": "4ab77273b316974b1f787a2c954dd903",
    "packages": [
        {
            "name": "gregwar/cache",
            "version": "v1.0.12",
            "target-dir": "Gregwar/Cache",
            "source": {
                "type": "git",
                "url": "https://github.com/Gregwar/Cache.git",
                "reference": "305d0f5a12c0beecbbd7e1de236f59f39e0c0ac3"
            },
            "dist": {
                "type": "zip",
                "url": "https://api.github.com/repos/Gregwar/Cache/zipball/305d0f5a12c0beecbbd7e1de236f59f39e0c0ac3",
                "reference": "305d0f5a12c0beecbbd7e1de236f59f39e0c0ac3",
                "shasum": ""
            },
            "require": {
                "php": ">=5.3"
            },
            "type": "library",
            "autoload": {
                "psr-0": {
                    "Gregwar\\Cache": ""
                }
            },
            "notification-url": "https://packagist.org/downloads/",
            "license": [
                "MIT"
            ],
            "authors": [
                {
                    "name": "Gregwar",
                    "email": "g.passault@gmail.com"
                }
            ],
            "description": "A lightweight file-system cache system",
            "keywords": [
                "cache",
                "caching",
                "file-system",
                "system"
            ],
            "time": "2016-09-23 08:16:04"
        },
        {
            "name": "gregwar/image",
            "version": "v2.0.21",
            "target-dir": "Gregwar/Image",
            "source": {
                "type": "git",
                "url": "https://github.com/Gregwar/Image.git",
                "reference": "c9899e4c71009338f89a8c63c12c681692533ede"
            },
            "dist": {
                "type": "zip",
                "url": "https://api.github.com/repos/Gregwar/Image/zipball/c9899e4c71009338f89a8c63c12c681692533ede",
                "reference": "c9899e4c71009338f89a8c63c12c681692533ede",
                "shasum": ""
            },
            "require": {
                "ext-gd": "*",
                "gregwar/cache": "^1.0.6",
                "php": "^5.3 || ^7.0"
            },
            "require-dev": {
                "sllh/php-cs-fixer-styleci-bridge": "~1.0",
                "symfony/phpunit-bridge": "^2.7.4 || ^3.0"
            },
            "suggest": {
                "behat/transliterator": "Transliterator provides ability to set non-latin1 pretty names"
            },
            "type": "library",
            "autoload": {
                "psr-0": {
                    "Gregwar\\Image": ""
                }
            },
            "notification-url": "https://packagist.org/downloads/",
            "license": [
                "MIT"
            ],
            "authors": [
                {
                    "name": "Grégoire Passault",
                    "email": "g.passault@gmail.com",
                    "homepage": "http://www.gregwar.com/"
                }
            ],
            "description": "Image handling",
            "homepage": "https://github.com/Gregwar/Image",
            "keywords": [
                "gd",
                "image"
            ],
            "time": "2017-01-24 09:29:39"
        }
    ],
    "packages-dev": [],
    "aliases": [],
    "minimum-stability": "stable",
    "stability-flags": [],
    "prefer-stable": false,
    "prefer-lowest": false,
    "platform": [],
    "platform-dev": []
}
